// !$*UTF8*$!
{
	archiveVersion = 1;
	classes = {
	};
	objectVersion = 46;
	objects = {

/* Begin PBXBuildFile section */
		CA5BD4ED1EAEF43D006C6729 /* CustomTabBarController.swift in Sources */ = {isa = PBXBuildFile; fileRef = CA5BD4EA1EAEF43D006C6729 /* CustomTabBarController.swift */; };
		CA5BD4EE1EAEF43D006C6729 /* OtherControllers.swift in Sources */ = {isa = PBXBuildFile; fileRef = CA5BD4EB1EAEF43D006C6729 /* OtherControllers.swift */; };
		CA5BD4EF1EAEF43D006C6729 /* single_post.json in Resources */ = {isa = PBXBuildFile; fileRef = CA5BD4EC1EAEF43D006C6729 /* single_post.json */; };
		CA5BD4F11EAFD46A006C6729 /* all_posts.json in Resources */ = {isa = PBXBuildFile; fileRef = CA5BD4F01EAFD46A006C6729 /* all_posts.json */; };
		CA85C5D91EAD088B002C8317 /* AppDelegate.swift in Sources */ = {isa = PBXBuildFile; fileRef = CA85C5D81EAD088B002C8317 /* AppDelegate.swift */; };
		CA85C5DB1EAD088B002C8317 /* ViewController.swift in Sources */ = {isa = PBXBuildFile; fileRef = CA85C5DA1EAD088B002C8317 /* ViewController.swift */; };
		CA85C5E11EAD088C002C8317 /* CollectionFeed.xcdatamodeld in Sources */ = {isa = PBXBuildFile; fileRef = CA85C5DF1EAD088C002C8317 /* CollectionFeed.xcdatamodeld */; };
		CA85C5E31EAD088C002C8317 /* Assets.xcassets in Resources */ = {isa = PBXBuildFile; fileRef = CA85C5E21EAD088C002C8317 /* Assets.xcassets */; };
		CA85C5E61EAD088C002C8317 /* LaunchScreen.storyboard in Resources */ = {isa = PBXBuildFile; fileRef = CA85C5E41EAD088C002C8317 /* LaunchScreen.storyboard */; };
		CA85C5F11EAD088C002C8317 /* CollectionFeedTests.swift in Sources */ = {isa = PBXBuildFile; fileRef = CA85C5F01EAD088C002C8317 /* CollectionFeedTests.swift */; };
		CA85C5FC1EAD088C002C8317 /* CollectionFeedUITests.swift in Sources */ = {isa = PBXBuildFile; fileRef = CA85C5FB1EAD088C002C8317 /* CollectionFeedUITests.swift */; };
/* End PBXBuildFile section */

/* Begin PBXContainerItemProxy section */
		CA85C5ED1EAD088C002C8317 /* PBXContainerItemProxy */ = {
			isa = PBXContainerItemProxy;
			containerPortal = CA85C5CD1EAD088B002C8317 /* Project object */;
			proxyType = 1;
			remoteGlobalIDString = CA85C5D41EAD088B002C8317;
			remoteInfo = CollectionFeed;
		};
		CA85C5F81EAD088C002C8317 /* PBXContainerItemProxy */ = {
			isa = PBXContainerItemProxy;
			containerPortal = CA85C5CD1EAD088B002C8317 /* Project object */;
			proxyType = 1;
			remoteGlobalIDString = CA85C5D41EAD088B002C8317;
			remoteInfo = CollectionFeed;
		};
/* End PBXContainerItemProxy section */

/* Begin PBXFileReference section */
		CA5BD4EA1EAEF43D006C6729 /* CustomTabBarController.swift */ = {isa = PBXFileReference; fileEncoding = 4; lastKnownFileType = sourcecode.swift; path = CustomTabBarController.swift; sourceTree = "<group>"; };
		CA5BD4EB1EAEF43D006C6729 /* OtherControllers.swift */ = {isa = PBXFileReference; fileEncoding = 4; lastKnownFileType = sourcecode.swift; path = OtherControllers.swift; sourceTree = "<group>"; };
		CA5BD4EC1EAEF43D006C6729 /* single_post.json */ = {isa = PBXFileReference; fileEncoding = 4; lastKnownFileType = text.json; path = single_post.json; sourceTree = "<group>"; };
		CA5BD4F01EAFD46A006C6729 /* all_posts.json */ = {isa = PBXFileReference; fileEncoding = 4; lastKnownFileType = text.json; path = all_posts.json; sourceTree = "<group>"; };
		CA85C5D51EAD088B002C8317 /* CollectionFeed.app */ = {isa = PBXFileReference; explicitFileType = wrapper.application; includeInIndex = 0; path = CollectionFeed.app; sourceTree = BUILT_PRODUCTS_DIR; };
		CA85C5D81EAD088B002C8317 /* AppDelegate.swift */ = {isa = PBXFileReference; lastKnownFileType = sourcecode.swift; path = AppDelegate.swift; sourceTree = "<group>"; };
		CA85C5DA1EAD088B002C8317 /* ViewController.swift */ = {isa = PBXFileReference; lastKnownFileType = sourcecode.swift; path = ViewController.swift; sourceTree = "<group>"; };
		CA85C5E01EAD088C002C8317 /* CollectionFeed.xcdatamodel */ = {isa = PBXFileReference; lastKnownFileType = wrapper.xcdatamodel; path = CollectionFeed.xcdatamodel; sourceTree = "<group>"; };
		CA85C5E21EAD088C002C8317 /* Assets.xcassets */ = {isa = PBXFileReference; lastKnownFileType = folder.assetcatalog; path = Assets.xcassets; sourceTree = "<group>"; };
		CA85C5E51EAD088C002C8317 /* Base */ = {isa = PBXFileReference; lastKnownFileType = file.storyboard; name = Base; path = Base.lproj/LaunchScreen.storyboard; sourceTree = "<group>"; };
		CA85C5E71EAD088C002C8317 /* Info.plist */ = {isa = PBXFileReference; lastKnownFileType = text.plist.xml; path = Info.plist; sourceTree = "<group>"; };
		CA85C5EC1EAD088C002C8317 /* CollectionFeedTests.xctest */ = {isa = PBXFileReference; explicitFileType = wrapper.cfbundle; includeInIndex = 0; path = CollectionFeedTests.xctest; sourceTree = BUILT_PRODUCTS_DIR; };
		CA85C5F01EAD088C002C8317 /* CollectionFeedTests.swift */ = {isa = PBXFileReference; lastKnownFileType = sourcecode.swift; path = CollectionFeedTests.swift; sourceTree = "<group>"; };
		CA85C5F21EAD088C002C8317 /* Info.plist */ = {isa = PBXFileReference; lastKnownFileType = text.plist.xml; path = Info.plist; sourceTree = "<group>"; };
		CA85C5F71EAD088C002C8317 /* CollectionFeedUITests.xctest */ = {isa = PBXFileReference; explicitFileType = wrapper.cfbundle; includeInIndex = 0; path = CollectionFeedUITests.xctest; sourceTree = BUILT_PRODUCTS_DIR; };
		CA85C5FB1EAD088C002C8317 /* CollectionFeedUITests.swift */ = {isa = PBXFileReference; lastKnownFileType = sourcecode.swift; path = CollectionFeedUITests.swift; sourceTree = "<group>"; };
		CA85C5FD1EAD088C002C8317 /* Info.plist */ = {isa = PBXFileReference; lastKnownFileType = text.plist.xml; path = Info.plist; sourceTree = "<group>"; };
/* End PBXFileReference section */

/* Begin PBXFrameworksBuildPhase section */
		CA85C5D21EAD088B002C8317 /* Frameworks */ = {
			isa = PBXFrameworksBuildPhase;
			buildActionMask = 2147483647;
			files = (
			);
			runOnlyForDeploymentPostprocessing = 0;
		};
		CA85C5E91EAD088C002C8317 /* Frameworks */ = {
			isa = PBXFrameworksBuildPhase;
			buildActionMask = 2147483647;
			files = (
			);
			runOnlyForDeploymentPostprocessing = 0;
		};
		CA85C5F41EAD088C002C8317 /* Frameworks */ = {
			isa = PBXFrameworksBuildPhase;
			buildActionMask = 2147483647;
			files = (
			);
			runOnlyForDeploymentPostprocessing = 0;
		};
/* End PBXFrameworksBuildPhase section */

/* Begin PBXGroup section */
		CA85C5CC1EAD088B002C8317 = {
			isa = PBXGroup;
			children = (
				CA85C5D71EAD088B002C8317 /* CollectionFeed */,
				CA85C5EF1EAD088C002C8317 /* CollectionFeedTests */,
				CA85C5FA1EAD088C002C8317 /* CollectionFeedUITests */,
				CA85C5D61EAD088B002C8317 /* Products */,
			);
			sourceTree = "<group>";
		};
		CA85C5D61EAD088B002C8317 /* Products */ = {
			isa = PBXGroup;
			children = (
				CA85C5D51EAD088B002C8317 /* CollectionFeed.app */,
				CA85C5EC1EAD088C002C8317 /* CollectionFeedTests.xctest */,
				CA85C5F71EAD088C002C8317 /* CollectionFeedUITests.xctest */,
			);
			name = Products;
			sourceTree = "<group>";
		};
		CA85C5D71EAD088B002C8317 /* CollectionFeed */ = {
			isa = PBXGroup;
			children = (
				CA85C5D81EAD088B002C8317 /* AppDelegate.swift */,
				CA85C5DA1EAD088B002C8317 /* ViewController.swift */,
				CA85C5E21EAD088C002C8317 /* Assets.xcassets */,
				CA85C5E41EAD088C002C8317 /* LaunchScreen.storyboard */,
				CA5BD4EA1EAEF43D006C6729 /* CustomTabBarController.swift */,
				CA5BD4EB1EAEF43D006C6729 /* OtherControllers.swift */,
				CA5BD4EC1EAEF43D006C6729 /* single_post.json */,
				CA5BD4F01EAFD46A006C6729 /* all_posts.json */,
				CA85C5E71EAD088C002C8317 /* Info.plist */,
				CA85C5DF1EAD088C002C8317 /* CollectionFeed.xcdatamodeld */,
			);
			path = CollectionFeed;
			sourceTree = "<group>";
		};
		CA85C5EF1EAD088C002C8317 /* CollectionFeedTests */ = {
			isa = PBXGroup;
			children = (
				CA85C5F01EAD088C002C8317 /* CollectionFeedTests.swift */,
				CA85C5F21EAD088C002C8317 /* Info.plist */,
			);
			path = CollectionFeedTests;
			sourceTree = "<group>";
		};
		CA85C5FA1EAD088C002C8317 /* CollectionFeedUITests */ = {
			isa = PBXGroup;
			children = (
				CA85C5FB1EAD088C002C8317 /* CollectionFeedUITests.swift */,
				CA85C5FD1EAD088C002C8317 /* Info.plist */,
			);
			path = CollectionFeedUITests;
			sourceTree = "<group>";
		};
/* End PBXGroup section */

/* Begin PBXNativeTarget section */
		CA85C5D41EAD088B002C8317 /* CollectionFeed */ = {
			isa = PBXNativeTarget;
			buildConfigurationList = CA85C6001EAD088C002C8317 /* Build configuration list for PBXNativeTarget "CollectionFeed" */;
			buildPhases = (
				CA85C5D11EAD088B002C8317 /* Sources */,
				CA85C5D21EAD088B002C8317 /* Frameworks */,
				CA85C5D31EAD088B002C8317 /* Resources */,
			);
			buildRules = (
			);
			dependencies = (
			);
			name = CollectionFeed;
			productName = CollectionFeed;
			productReference = CA85C5D51EAD088B002C8317 /* CollectionFeed.app */;
			productType = "com.apple.product-type.application";
		};
		CA85C5EB1EAD088C002C8317 /* CollectionFeedTests */ = {
			isa = PBXNativeTarget;
			buildConfigurationList = CA85C6031EAD088C002C8317 /* Build configuration list for PBXNativeTarget "CollectionFeedTests" */;
			buildPhases = (
				CA85C5E81EAD088C002C8317 /* Sources */,
				CA85C5E91EAD088C002C8317 /* Frameworks */,
				CA85C5EA1EAD088C002C8317 /* Resources */,
			);
			buildRules = (
			);
			dependencies = (
				CA85C5EE1EAD088C002C8317 /* PBXTargetDependency */,
			);
			name = CollectionFeedTests;
			productName = CollectionFeedTests;
			productReference = CA85C5EC1EAD088C002C8317 /* CollectionFeedTests.xctest */;
			productType = "com.apple.product-type.bundle.unit-test";
		};
		CA85C5F61EAD088C002C8317 /* CollectionFeedUITests */ = {
			isa = PBXNativeTarget;
			buildConfigurationList = CA85C6061EAD088C002C8317 /* Build configuration list for PBXNativeTarget "CollectionFeedUITests" */;
			buildPhases = (
				CA85C5F31EAD088C002C8317 /* Sources */,
				CA85C5F41EAD088C002C8317 /* Frameworks */,
				CA85C5F51EAD088C002C8317 /* Resources */,
			);
			buildRules = (
			);
			dependencies = (
				CA85C5F91EAD088C002C8317 /* PBXTargetDependency */,
			);
			name = CollectionFeedUITests;
			productName = CollectionFeedUITests;
			productReference = CA85C5F71EAD088C002C8317 /* CollectionFeedUITests.xctest */;
			productType = "com.apple.product-type.bundle.ui-testing";
		};
/* End PBXNativeTarget section */

/* Begin PBXProject section */
		CA85C5CD1EAD088B002C8317 /* Project object */ = {
			isa = PBXProject;
			attributes = {
				LastSwiftUpdateCheck = 0830;
				LastUpgradeCheck = 0830;
				ORGANIZATIONNAME = "Brandon Lai";
				TargetAttributes = {
					CA85C5D41EAD088B002C8317 = {
						CreatedOnToolsVersion = 8.3.1;
						DevelopmentTeam = 86773TB4HG;
						ProvisioningStyle = Automatic;
					};
					CA85C5EB1EAD088C002C8317 = {
						CreatedOnToolsVersion = 8.3.1;
						DevelopmentTeam = 86773TB4HG;
						ProvisioningStyle = Automatic;
						TestTargetID = CA85C5D41EAD088B002C8317;
					};
					CA85C5F61EAD088C002C8317 = {
						CreatedOnToolsVersion = 8.3.1;
						DevelopmentTeam = 86773TB4HG;
						ProvisioningStyle = Automatic;
						TestTargetID = CA85C5D41EAD088B002C8317;
					};
				};
			};
			buildConfigurationList = CA85C5D01EAD088B002C8317 /* Build configuration list for PBXProject "CollectionFeed" */;
			compatibilityVersion = "Xcode 3.2";
			developmentRegion = English;
			hasScannedForEncodings = 0;
			knownRegions = (
				en,
				Base,
			);
			mainGroup = CA85C5CC1EAD088B002C8317;
			productRefGroup = CA85C5D61EAD088B002C8317 /* Products */;
			projectDirPath = "";
			projectRoot = "";
			targets = (
				CA85C5D41EAD088B002C8317 /* CollectionFeed */,
				CA85C5EB1EAD088C002C8317 /* CollectionFeedTests */,
				CA85C5F61EAD088C002C8317 /* CollectionFeedUITests */,
			);
		};
/* End PBXProject section */

/* Begin PBXResourcesBuildPhase section */
		CA85C5D31EAD088B002C8317 /* Resources */ = {
			isa = PBXResourcesBuildPhase;
			buildActionMask = 2147483647;
			files = (
				CA85C5E61EAD088C002C8317 /* LaunchScreen.storyboard in Resources */,
				CA85C5E31EAD088C002C8317 /* Assets.xcassets in Resources */,
				CA5BD4EF1EAEF43D006C6729 /* single_post.json in Resources */,
				CA5BD4F11EAFD46A006C6729 /* all_posts.json in Resources */,
			);
			runOnlyForDeploymentPostprocessing = 0;
		};
		CA85C5EA1EAD088C002C8317 /* Resources */ = {
			isa = PBXResourcesBuildPhase;
			buildActionMask = 2147483647;
			files = (
			);
			runOnlyForDeploymentPostprocessing = 0;
		};
		CA85C5F51EAD088C002C8317 /* Resources */ = {
			isa = PBXResourcesBuildPhase;
			buildActionMask = 2147483647;
			files = (
			);
			runOnlyForDeploymentPostprocessing = 0;
		};
/* End PBXResourcesBuildPhase section */

/* Begin PBXSourcesBuildPhase section */
		CA85C5D11EAD088B002C8317 /* Sources */ = {
			isa = PBXSourcesBuildPhase;
			buildActionMask = 2147483647;
			files = (
				CA85C5E11EAD088C002C8317 /* CollectionFeed.xcdatamodeld in Sources */,
				CA85C5DB1EAD088B002C8317 /* ViewController.swift in Sources */,
				CA5BD4EE1EAEF43D006C6729 /* OtherControllers.swift in Sources */,
				CA5BD4ED1EAEF43D006C6729 /* CustomTabBarController.swift in Sources */,
				CA85C5D91EAD088B002C8317 /* AppDelegate.swift in Sources */,
			);
			runOnlyForDeploymentPostprocessing = 0;
		};
		CA85C5E81EAD088C002C8317 /* Sources */ = {
			isa = PBXSourcesBuildPhase;
			buildActionMask = 2147483647;
			files = (
				CA85C5F11EAD088C002C8317 /* CollectionFeedTests.swift in Sources */,
			);
			runOnlyForDeploymentPostprocessing = 0;
		};
		CA85C5F31EAD088C002C8317 /* Sources */ = {
			isa = PBXSourcesBuildPhase;
			buildActionMask = 2147483647;
			files = (
				CA85C5FC1EAD088C002C8317 /* CollectionFeedUITests.swift in Sources */,
			);
			runOnlyForDeploymentPostprocessing = 0;
		};
/* End PBXSourcesBuildPhase section */

/* Begin PBXTargetDependency section */
		CA85C5EE1EAD088C002C8317 /* PBXTargetDependency */ = {
			isa = PBXTargetDependency;
			target = CA85C5D41EAD088B002C8317 /* CollectionFeed */;
			targetProxy = CA85C5ED1EAD088C002C8317 /* PBXContainerItemProxy */;
		};
		CA85C5F91EAD088C002C8317 /* PBXTargetDependency */ = {
			isa = PBXTargetDependency;
			target = CA85C5D41EAD088B002C8317 /* CollectionFeed */;
			targetProxy = CA85C5F81EAD088C002C8317 /* PBXContainerItemProxy */;
		};
/* End PBXTargetDependency section */

/* Begin PBXVariantGroup section */
		CA85C5E41EAD088C002C8317 /* LaunchScreen.storyboard */ = {
			isa = PBXVariantGroup;
			children = (
				CA85C5E51EAD088C002C8317 /* Base */,
			);
			name = LaunchScreen.storyboard;
			sourceTree = "<group>";
		};
/* End PBXVariantGroup section */

/* Begin XCBuildConfiguration section */
		CA85C5FE1EAD088C002C8317 /* Debug */ = {
			isa = XCBuildConfiguration;
			buildSettings = {
				ALWAYS_SEARCH_USER_PATHS = NO;
				CLANG_ANALYZER_NONNULL = YES;
				CLANG_ANALYZER_NUMBER_OBJECT_CONVERSION = YES_AGGRESSIVE;
				CLANG_CXX_LANGUAGE_STANDARD = "gnu++0x";
				CLANG_CXX_LIBRARY = "libc++";
				CLANG_ENABLE_MODULES = YES;
				CLANG_ENABLE_OBJC_ARC = YES;
				CLANG_WARN_BOOL_CONVERSION = YES;
				CLANG_WARN_CONSTANT_CONVERSION = YES;
				CLANG_WARN_DIRECT_OBJC_ISA_USAGE = YES_ERROR;
				CLANG_WARN_DOCUMENTATION_COMMENTS = YES;
				CLANG_WARN_EMPTY_BODY = YES;
				CLANG_WARN_ENUM_CONVERSION = YES;
				CLANG_WARN_INFINITE_RECURSION = YES;
				CLANG_WARN_INT_CONVERSION = YES;
				CLANG_WARN_OBJC_ROOT_CLASS = YES_ERROR;
				CLANG_WARN_SUSPICIOUS_MOVE = YES;
				CLANG_WARN_UNREACHABLE_CODE = YES;
				CLANG_WARN__DUPLICATE_METHOD_MATCH = YES;
				"CODE_SIGN_IDENTITY[sdk=iphoneos*]" = "iPhone Developer";
				COPY_PHASE_STRIP = NO;
				DEBUG_INFORMATION_FORMAT = dwarf;
				ENABLE_STRICT_OBJC_MSGSEND = YES;
				ENABLE_TESTABILITY = YES;
				GCC_C_LANGUAGE_STANDARD = gnu99;
				GCC_DYNAMIC_NO_PIC = NO;
				GCC_NO_COMMON_BLOCKS = YES;
				GCC_OPTIMIZATION_LEVEL = 0;
				GCC_PREPROCESSOR_DEFINITIONS = (
					"DEBUG=1",
					"$(inherited)",
				);
				GCC_WARN_64_TO_32_BIT_CONVERSION = YES;
				GCC_WARN_ABOUT_RETURN_TYPE = YES_ERROR;
				GCC_WARN_UNDECLARED_SELECTOR = YES;
				GCC_WARN_UNINITIALIZED_AUTOS = YES_AGGRESSIVE;
				GCC_WARN_UNUSED_FUNCTION = YES;
				GCC_WARN_UNUSED_VARIABLE = YES;
				IPHONEOS_DEPLOYMENT_TARGET = 10.3;
				MTL_ENABLE_DEBUG_INFO = YES;
				ONLY_ACTIVE_ARCH = YES;
				SDKROOT = iphoneos;
				SWIFT_ACTIVE_COMPILATION_CONDITIONS = DEBUG;
				SWIFT_OPTIMIZATION_LEVEL = "-Onone";
				TARGETED_DEVICE_FAMILY = "1,2";
			};
			name = Debug;
		};
		CA85C5FF1EAD088C002C8317 /* Release */ = {
			isa = XCBuildConfiguration;
			buildSettings = {
				ALWAYS_SEARCH_USER_PATHS = NO;
				CLANG_ANALYZER_NONNULL = YES;
				CLANG_ANALYZER_NUMBER_OBJECT_CONVERSION = YES_AGGRESSIVE;
				CLANG_CXX_LANGUAGE_STANDARD = "gnu++0x";
				CLANG_CXX_LIBRARY = "libc++";
				CLANG_ENABLE_MODULES = YES;
				CLANG_ENABLE_OBJC_ARC = YES;
				CLANG_WARN_BOOL_CONVERSION = YES;
				CLANG_WARN_CONSTANT_CONVERSION = YES;
				CLANG_WARN_DIRECT_OBJC_ISA_USAGE = YES_ERROR;
				CLANG_WARN_DOCUMENTATION_COMMENTS = YES;
				CLANG_WARN_EMPTY_BODY = YES;
				CLANG_WARN_ENUM_CONVERSION = YES;
				CLANG_WARN_INFINITE_RECURSION = YES;
				CLANG_WARN_INT_CONVERSION = YES;
				CLANG_WARN_OBJC_ROOT_CLASS = YES_ERROR;
				CLANG_WARN_SUSPICIOUS_MOVE = YES;
				CLANG_WARN_UNREACHABLE_CODE = YES;
				CLANG_WARN__DUPLICATE_METHOD_MATCH = YES;
				"CODE_SIGN_IDENTITY[sdk=iphoneos*]" = "iPhone Developer";
				COPY_PHASE_STRIP = NO;
				DEBUG_INFORMATION_FORMAT = "dwarf-with-dsym";
				ENABLE_NS_ASSERTIONS = NO;
				ENABLE_STRICT_OBJC_MSGSEND = YES;
				GCC_C_LANGUAGE_STANDARD = gnu99;
				GCC_NO_COMMON_BLOCKS = YES;
				GCC_WARN_64_TO_32_BIT_CONVERSION = YES;
				GCC_WARN_ABOUT_RETURN_TYPE = YES_ERROR;
				GCC_WARN_UNDECLARED_SELECTOR = YES;
				GCC_WARN_UNINITIALIZED_AUTOS = YES_AGGRESSIVE;
				GCC_WARN_UNUSED_FUNCTION = YES;
				GCC_WARN_UNUSED_VARIABLE = YES;
				IPHONEOS_DEPLOYMENT_TARGET = 10.3;
				MTL_ENABLE_DEBUG_INFO = NO;
				SDKROOT = iphoneos;
				SWIFT_OPTIMIZATION_LEVEL = "-Owholemodule";
				TARGETED_DEVICE_FAMILY = "1,2";
				VALIDATE_PRODUCT = YES;
			};
			name = Release;
		};
		CA85C6011EAD088C002C8317 /* Debug */ = {
			isa = XCBuildConfiguration;
			buildSettings = {
				ASSETCATALOG_COMPILER_APPICON_NAME = AppIcon;
				DEVELOPMENT_TEAM = 86773TB4HG;
				INFOPLIST_FILE = CollectionFeed/Info.plist;
				LD_RUNPATH_SEARCH_PATHS = "$(inherited) @executable_path/Frameworks";
				PRODUCT_BUNDLE_IDENTIFIER = Sidis.CollectionFeed;
				PRODUCT_NAME = "$(TARGET_NAME)";
				SWIFT_VERSION = 3.0;
			};
			name = Debug;
		};
		CA85C6021EAD088C002C8317 /* Release */ = {
			isa = XCBuildConfiguration;
			buildSettings = {
				ASSETCATALOG_COMPILER_APPICON_NAME = AppIcon;
				DEVELOPMENT_TEAM = 86773TB4HG;
				INFOPLIST_FILE = CollectionFeed/Info.plist;
				LD_RUNPATH_SEARCH_PATHS = "$(inherited) @executable_path/Frameworks";
				PRODUCT_BUNDLE_IDENTIFIER = Sidis.CollectionFeed;
				PRODUCT_NAME = "$(TARGET_NAME)";
				SWIFT_VERSION = 3.0;
			};
			name = Release;
		};
		CA85C6041EAD088C002C8317 /* Debug */ = {
			isa = XCBuildConfiguration;
			buildSettings = {
				ALWAYS_EMBED_SWIFT_STANDARD_LIBRARIES = YES;
				BUNDLE_LOADER = "$(TEST_HOST)";
				DEVELOPMENT_TEAM = 86773TB4HG;
				INFOPLIST_FILE = CollectionFeedTests/Info.plist;
				LD_RUNPATH_SEARCH_PATHS = "$(inherited) @executable_path/Frameworks @loader_path/Frameworks";
				PRODUCT_BUNDLE_IDENTIFIER = Sidis.CollectionFeedTests;
				PRODUCT_NAME = "$(TARGET_NAME)";
				SWIFT_VERSION = 3.0;
				TEST_HOST = "$(BUILT_PRODUCTS_DIR)/CollectionFeed.app/CollectionFeed";
			};
			name = Debug;
		};
		CA85C6051EAD088C002C8317 /* Release */ = {
			isa = XCBuildConfiguration;
			buildSettings = {
				ALWAYS_EMBED_SWIFT_STANDARD_LIBRARIES = YES;
				BUNDLE_LOADER = "$(TEST_HOST)";
				DEVELOPMENT_TEAM = 86773TB4HG;
				INFOPLIST_FILE = CollectionFeedTests/Info.plist;
				LD_RUNPATH_SEARCH_PATHS = "$(inherited) @executable_path/Frameworks @loader_path/Frameworks";
				PRODUCT_BUNDLE_IDENTIFIER = Sidis.CollectionFeedTests;
				PRODUCT_NAME = "$(TARGET_NAME)";
				SWIFT_VERSION = 3.0;
				TEST_HOST = "$(BUILT_PRODUCTS_DIR)/CollectionFeed.app/CollectionFeed";
			};
			name = Release;
		};
		CA85C6071EAD088C002C8317 /* Debug */ = {
			isa = XCBuildConfiguration;
			buildSettings = {
				ALWAYS_EMBED_SWIFT_STANDARD_LIBRARIES = YES;
				DEVELOPMENT_TEAM = 86773TB4HG;
				INFOPLIST_FILE = CollectionFeedUITests/Info.plist;
				LD_RUNPATH_SEARCH_PATHS = "$(inherited) @executable_path/Frameworks @loader_path/Frameworks";
				PRODUCT_BUNDLE_IDENTIFIER = Sidis.CollectionFeedUITests;
				PRODUCT_NAME = "$(TARGET_NAME)";
				SWIFT_VERSION = 3.0;
				TEST_TARGET_NAME = CollectionFeed;
			};
			name = Debug;
		};
		CA85C6081EAD088C002C8317 /* Release */ = {
			isa = XCBuildConfiguration;
			buildSettings = {
				ALWAYS_EMBED_SWIFT_STANDARD_LIBRARIES = YES;
				DEVELOPMENT_TEAM = 86773TB4HG;
				INFOPLIST_FILE = CollectionFeedUITests/Info.plist;
				LD_RUNPATH_SEARCH_PATHS = "$(inherited) @executable_path/Frameworks @loader_path/Frameworks";
				PRODUCT_BUNDLE_IDENTIFIER = Sidis.CollectionFeedUITests;
				PRODUCT_NAME = "$(TARGET_NAME)";
				SWIFT_VERSION = 3.0;
				TEST_TARGET_NAME = CollectionFeed;
			};
			name = Release;
		};
/* End XCBuildConfiguration section */

/* Begin XCConfigurationList section */
		CA85C5D01EAD088B002C8317 /* Build configuration list for PBXProject "CollectionFeed" */ = {
			isa = XCConfigurationList;
			buildConfigurations = (
				CA85C5FE1EAD088C002C8317 /* Debug */,
				CA85C5FF1EAD088C002C8317 /* Release */,
			);
			defaultConfigurationIsVisible = 0;
			defaultConfigurationName = Release;
		};
		CA85C6001EAD088C002C8317 /* Build configuration list for PBXNativeTarget "CollectionFeed" */ = {
			isa = XCConfigurationList;
			buildConfigurations = (
				CA85C6011EAD088C002C8317 /* Debug */,
				CA85C6021EAD088C002C8317 /* Release */,
			);
			defaultConfigurationIsVisible = 0;
			defaultConfigurationName = Release;
		};
		CA85C6031EAD088C002C8317 /* Build configuration list for PBXNativeTarget "CollectionFeedTests" */ = {
			isa = XCConfigurationList;
			buildConfigurations = (
				CA85C6041EAD088C002C8317 /* Debug */,
				CA85C6051EAD088C002C8317 /* Release */,
			);
			defaultConfigurationIsVisible = 0;
			defaultConfigurationName = Release;
		};
		CA85C6061EAD088C002C8317 /* Build configuration list for PBXNativeTarget "CollectionFeedUITests" */ = {
			isa = XCConfigurationList;
			buildConfigurations = (
				CA85C6071EAD088C002C8317 /* Debug */,
				CA85C6081EAD088C002C8317 /* Release */,
			);
			defaultConfigurationIsVisible = 0;
			defaultConfigurationName = Release;
		};
/* End XCConfigurationList section */

/* Begin XCVersionGroup section */
		CA85C5DF1EAD088C002C8317 /* CollectionFeed.xcdatamodeld */ = {
			isa = XCVersionGroup;
			children = (
				CA85C5E01EAD088C002C8317 /* CollectionFeed.xcdatamodel */,
			);
			currentVersion = CA85C5E01EAD088C002C8317 /* CollectionFeed.xcdatamodel */;
			path = CollectionFeed.xcdatamodeld;
			sourceTree = "<group>";
			versionGroupType = wrapper.xcdatamodel;
		};
/* End XCVersionGroup section */
	};
	rootObject = CA85C5CD1EAD088B002C8317 /* Project object */;
}
